
Microsoft Visual Studio Solution File, Format Version 12.00
# Visual Studio 2013
Project("{FAE04EC0-301F-11D3-BF4B-00C04F79EFBC}") = "UnityVS.Toy_box_wars_the_sand_box_conflict.CSharp", "UnityVS.Toy_box_wars_the_sand_box_conflict.CSharp.csproj", "{19DCF6F6-9F2B-3F98-BCE3-CE68A3E214F9}"
EndProject
Project("{FAE04EC0-301F-11D3-BF4B-00C04F79EFBC}") = "UnityVS.Toy_box_wars_the_sand_box_conflict.CSharp.Editor", "UnityVS.Toy_box_wars_the_sand_box_conflict.CSharp.Editor.csproj", "{210305BB-FA69-D5B9-9D18-B4D7C53B5C79}"
EndProject
Global
	GlobalSection(SolutionConfigurationPlatforms) = preSolution
		Debug|Any CPU = Debug|Any CPU
		Release|Any CPU = Release|Any CPU
	EndGlobalSection
	GlobalSection(ProjectConfigurationPlatforms) = postSolution
		{19DCF6F6-9F2B-3F98-BCE3-CE68A3E214F9}.Debug|Any CPU.ActiveCfg = Debug|Any CPU
		{19DCF6F6-9F2B-3F98-BCE3-CE68A3E214F9}.Debug|Any CPU.Build.0 = Debug|Any CPU
		{19DCF6F6-9F2B-3F98-BCE3-CE68A3E214F9}.Release|Any CPU.ActiveCfg = Release|Any CPU
		{19DCF6F6-9F2B-3F98-BCE3-CE68A3E214F9}.Release|Any CPU.Build.0 = Release|Any CPU
		{210305BB-FA69-D5B9-9D18-B4D7C53B5C79}.Debug|Any CPU.ActiveCfg = Debug|Any CPU
		{210305BB-FA69-D5B9-9D18-B4D7C53B5C79}.Debug|Any CPU.Build.0 = Debug|Any CPU
		{210305BB-FA69-D5B9-9D18-B4D7C53B5C79}.Release|Any CPU.ActiveCfg = Release|Any CPU
		{210305BB-FA69-D5B9-9D18-B4D7C53B5C79}.Release|Any CPU.Build.0 = Release|Any CPU
	EndGlobalSection
	GlobalSection(SolutionProperties) = preSolution
		HideSolutionNode = FALSE
	EndGlobalSection
EndGlobal
