
Microsoft Visual Studio Solution File, Format Version 12.00
# Visual Studio 2015
Project("{FAE04EC0-301F-11D3-BF4B-00C04F79EFBC}") = "Toy_box_wars_the_sand_box_conflict.CSharp", "Toy_box_wars_the_sand_box_conflict.CSharp.csproj", "{7713A3D7-8A53-160B-571D-68EA94BD580C}"
EndProject
Project("{FAE04EC0-301F-11D3-BF4B-00C04F79EFBC}") = "Toy_box_wars_the_sand_box_conflict.CSharp.Editor", "Toy_box_wars_the_sand_box_conflict.CSharp.Editor.csproj", "{59ADD3EC-62C7-C301-E9C6-792FF3C25154}"
EndProject
Project("{FAE04EC0-301F-11D3-BF4B-00C04F79EFBC}") = "Toy_box_wars_the_sand_box_conflict.CSharpTests", "Toy_box_wars_the_sand_box_conflict.CSharpTests\Toy_box_wars_the_sand_box_conflict.CSharpTests.csproj", "{D6CC771C-EC09-4454-82E4-71F0738B7EF3}"
EndProject
Global
	GlobalSection(SolutionConfigurationPlatforms) = preSolution
		Debug|Any CPU = Debug|Any CPU
		Release|Any CPU = Release|Any CPU
	EndGlobalSection
	GlobalSection(ProjectConfigurationPlatforms) = postSolution
		{7713A3D7-8A53-160B-571D-68EA94BD580C}.Debug|Any CPU.ActiveCfg = Debug|Any CPU
		{7713A3D7-8A53-160B-571D-68EA94BD580C}.Debug|Any CPU.Build.0 = Debug|Any CPU
		{7713A3D7-8A53-160B-571D-68EA94BD580C}.Release|Any CPU.ActiveCfg = Release|Any CPU
		{7713A3D7-8A53-160B-571D-68EA94BD580C}.Release|Any CPU.Build.0 = Release|Any CPU
		{59ADD3EC-62C7-C301-E9C6-792FF3C25154}.Debug|Any CPU.ActiveCfg = Debug|Any CPU
		{59ADD3EC-62C7-C301-E9C6-792FF3C25154}.Debug|Any CPU.Build.0 = Debug|Any CPU
		{59ADD3EC-62C7-C301-E9C6-792FF3C25154}.Release|Any CPU.ActiveCfg = Release|Any CPU
		{59ADD3EC-62C7-C301-E9C6-792FF3C25154}.Release|Any CPU.Build.0 = Release|Any CPU
		{D6CC771C-EC09-4454-82E4-71F0738B7EF3}.Debug|Any CPU.ActiveCfg = Debug|Any CPU
		{D6CC771C-EC09-4454-82E4-71F0738B7EF3}.Debug|Any CPU.Build.0 = Debug|Any CPU
		{D6CC771C-EC09-4454-82E4-71F0738B7EF3}.Release|Any CPU.ActiveCfg = Release|Any CPU
		{D6CC771C-EC09-4454-82E4-71F0738B7EF3}.Release|Any CPU.Build.0 = Release|Any CPU
	EndGlobalSection
	GlobalSection(SolutionProperties) = preSolution
		HideSolutionNode = FALSE
	EndGlobalSection
EndGlobal
